
Microsoft Visual Studio Solution File, Format Version 12.00
# Visual Studio Version 16
VisualStudioVersion = 16.0.29905.134
MinimumVisualStudioVersion = 10.0.40219.1
Project("{9A19103F-16F7-4668-BE54-9A1E7A4F7556}") = "server-back", "server-back.csproj", "{D60B99CE-8002-4C7D-8685-2A36FCBB2320}"
EndProject
Global
	GlobalSection(SolutionConfigurationPlatforms) = preSolution
		Debug|Any CPU = Debug|Any CPU
		Release|Any CPU = Release|Any CPU
	EndGlobalSection
	GlobalSection(ProjectConfigurationPlatforms) = postSolution
		{D60B99CE-8002-4C7D-8685-2A36FCBB2320}.Debug|Any CPU.ActiveCfg = Debug|Any CPU
		{D60B99CE-8002-4C7D-8685-2A36FCBB2320}.Debug|Any CPU.Build.0 = Debug|Any CPU
		{D60B99CE-8002-4C7D-8685-2A36FCBB2320}.Release|Any CPU.ActiveCfg = Release|Any CPU
		{D60B99CE-8002-4C7D-8685-2A36FCBB2320}.Release|Any CPU.Build.0 = Release|Any CPU
	EndGlobalSection
	GlobalSection(SolutionProperties) = preSolution
		HideSolutionNode = FALSE
	EndGlobalSection
	GlobalSection(ExtensibilityGlobals) = postSolution
		SolutionGuid = {515A1AAC-7D67-4819-8F1F-FB4A61E94EE1}
	EndGlobalSection
EndGlobal
